PODS:
  - Alamofire (3.4.1)
  - SnapKit (0.21.1)

DEPENDENCIES:
  - Alamofire (= 3.4.1)
  - SnapKit (= 0.21.1)

SPEC CHECKSUMS:
  Alamofire: 01a82e2f6c0f860ade35534c8dd88be61bdef40c
  SnapKit: bbad04cb016c7cead63965f16b00c09318d271ee

PODFILE CHECKSUM: 7abd38426bb0fd96aa02751c3036e7256cfabc9f

COCOAPODS: 1.1.1
